lockfileVersion: 5.4

specifiers:
  postcss: 8.*
  postcss-nested: "*"
  postcss-prefixwrap: file:../../../build

dependencies:
  postcss: 8.4.17
  postcss-nested: 6.0.0_postcss@8.4.17
  postcss-prefixwrap: file:../../../build

packages:
  /cssesc/3.0.0:
    resolution:
      {
        integrity: sha512-/Tb/JcjK111nNScGob5MNtsntNM1aCNUDipB/TkwZFhyDrrE47SOx/18wF2bbjgc3ZzCSKW1T5nt5EbFoAz/Vg==,
      }
    engines: { node: ">=4" }
    hasBin: true
    dev: false

  /nanoid/3.3.4:
    resolution:
      {
        integrity: sha512-MqBkQh/OHTS2egovRtLk45wEyNXwF+cokD+1YPf9u5VfJiRdAiRwB2froX5Co9Rh20xs4siNPm8naNotSD6RBw==,
      }
    engines: { node: ^10 || ^12 || ^13.7 || ^14 || >=15.0.1 }
    hasBin: true
    dev: false

  /picocolors/1.0.0:
    resolution:
      {
        integrity: sha512-1fygroTLlHu66zi26VoTDv8yRgm0Fccecssto+MhsZ0D/DGW2sm8E8AjW7NU5VVTRt5GxbeZ5qBuJr+HyLYkjQ==,
      }
    dev: false

  /postcss-nested/6.0.0_postcss@8.4.17:
    resolution:
      {
        integrity: sha512-0DkamqrPcmkBDsLn+vQDIrtkSbNkv5AD/M322ySo9kqFkCIYklym2xEmWkwo+Y3/qZo34tzEPNUw4y7yMCdv5w==,
      }
    engines: { node: ">=12.0" }
    peerDependencies:
      postcss: ^8.2.14
    dependencies:
      postcss: 8.4.17
      postcss-selector-parser: 6.0.10
    dev: false

  /postcss-selector-parser/6.0.10:
    resolution:
      {
        integrity: sha512-IQ7TZdoaqbT+LCpShg46jnZVlhWD2w6iQYAcYXfHARZ7X1t/UGhhceQDs5X0cGqKvYlHNOuv7Oa1xmb0oQuA3w==,
      }
    engines: { node: ">=4" }
    dependencies:
      cssesc: 3.0.0
      util-deprecate: 1.0.2
    dev: false

  /postcss/8.4.17:
    resolution:
      {
        integrity: sha512-UNxNOLQydcOFi41yHNMcKRZ39NeXlr8AxGuZJsdub8vIb12fHzcq37DTU/QtbI6WLxNg2gF9Z+8qtRwTj1UI1Q==,
      }
    engines: { node: ^10 || ^12 || >=14 }
    dependencies:
      nanoid: 3.3.4
      picocolors: 1.0.0
      source-map-js: 1.0.2
    dev: false

  /source-map-js/1.0.2:
    resolution:
      {
        integrity: sha512-R0XvVJ9WusLiqTCEiGCmICCMplcCkIwwR11mOSD9CR5u+IXYdiseeEuXCVAjS54zqwkLcPNnmU4OeJ6tUrWhDw==,
      }
    engines: { node: ">=0.10.0" }
    dev: false

  /util-deprecate/1.0.2:
    resolution:
      {
        integrity: sha512-EPD5q1uXyFxJpCrLnCc1nHnq3gOa6DZBocAIiI2TaSCA7VCJ1UJDMagCzIkXNsUYfD1daK//LTEQ8xiIbrHtcw==,
      }
    dev: false

  file:../../../build:
    resolution: { directory: ../../../build, type: directory }
    name: build
    version: 0.0.0
    dev: false
